
Microsoft Visual Studio Solution File, Format Version 12.00
# Visual Studio Version 17
VisualStudioVersion = 17.5.33516.290
MinimumVisualStudioVersion = 10.0.40219.1
Project("{8BC9CEB8-8B4A-11D0-8D11-00A0C91BC942}") = "ChattingClient", "ChattingClient\ChattingClient.vcxproj", "{0B2781D5-D6D2-4197-8995-DDCB2AEE9262}"
EndProject
Project("{8BC9CEB8-8B4A-11D0-8D11-00A0C91BC942}") = "ChattingServer", "ChattingServer\ChattingServer.vcxproj", "{D395C0E0-CA02-4951-BEF5-7FF04C717770}"
EndProject
Global
	GlobalSection(SolutionConfigurationPlatforms) = preSolution
		Debug|x64 = Debug|x64
		Debug|x86 = Debug|x86
		Release|x64 = Release|x64
		Release|x86 = Release|x86
	EndGlobalSection
	GlobalSection(ProjectConfigurationPlatforms) = postSolution
		{0B2781D5-D6D2-4197-8995-DDCB2AEE9262}.Debug|x64.ActiveCfg = Debug|x64
		{0B2781D5-D6D2-4197-8995-DDCB2AEE9262}.Debug|x64.Build.0 = Debug|x64
		{0B2781D5-D6D2-4197-8995-DDCB2AEE9262}.Debug|x86.ActiveCfg = Debug|Win32
		{0B2781D5-D6D2-4197-8995-DDCB2AEE9262}.Debug|x86.Build.0 = Debug|Win32
		{0B2781D5-D6D2-4197-8995-DDCB2AEE9262}.Release|x64.ActiveCfg = Release|x64
		{0B2781D5-D6D2-4197-8995-DDCB2AEE9262}.Release|x64.Build.0 = Release|x64
		{0B2781D5-D6D2-4197-8995-DDCB2AEE9262}.Release|x86.ActiveCfg = Release|Win32
		{0B2781D5-D6D2-4197-8995-DDCB2AEE9262}.Release|x86.Build.0 = Release|Win32
		{D395C0E0-CA02-4951-BEF5-7FF04C717770}.Debug|x64.ActiveCfg = Debug|x64
		{D395C0E0-CA02-4951-BEF5-7FF04C717770}.Debug|x64.Build.0 = Debug|x64
		{D395C0E0-CA02-4951-BEF5-7FF04C717770}.Debug|x86.ActiveCfg = Debug|Win32
		{D395C0E0-CA02-4951-BEF5-7FF04C717770}.Debug|x86.Build.0 = Debug|Win32
		{D395C0E0-CA02-4951-BEF5-7FF04C717770}.Release|x64.ActiveCfg = Release|x64
		{D395C0E0-CA02-4951-BEF5-7FF04C717770}.Release|x64.Build.0 = Release|x64
		{D395C0E0-CA02-4951-BEF5-7FF04C717770}.Release|x86.ActiveCfg = Release|Win32
		{D395C0E0-CA02-4951-BEF5-7FF04C717770}.Release|x86.Build.0 = Release|Win32
	EndGlobalSection
	GlobalSection(SolutionProperties) = preSolution
		HideSolutionNode = FALSE
	EndGlobalSection
	GlobalSection(ExtensibilityGlobals) = postSolution
		SolutionGuid = {17A921FC-E316-4C14-BE94-DD6B1BDE3681}
	EndGlobalSection
EndGlobal
